// !$*UTF8*$!
{
	archiveVersion = 1;
	classes = {
	};
	objectVersion = 46;
	objects = {

/* Begin PBXBuildFile section */
		D834CEEE1CC650F000FA5668 /* KeyboardTrackingViewManager.m in Sources */ = {isa = PBXBuildFile; fileRef = D834CEEB1CC650F000FA5668 /* KeyboardTrackingViewManager.m */; };
		D834CEEF1CC650F000FA5668 /* ObservingInputAccessoryView.m in Sources */ = {isa = PBXBuildFile; fileRef = D834CEED1CC650F000FA5668 /* ObservingInputAccessoryView.m */; };
		D8904E471EA63900001198F0 /* ObservingInputAccessoryView.h in Headers */ = {isa = PBXBuildFile; fileRef = D834CEEC1CC650F000FA5668 /* ObservingInputAccessoryView.h */; };
		D8904F521EA796A9001198F0 /* ObservingInputAccessoryView.h in CopyFiles */ = {isa = PBXBuildFile; fileRef = D834CEEC1CC650F000FA5668 /* ObservingInputAccessoryView.h */; };
		D8E5A4372044BF6F0000DA01 /* UIResponder+FirstResponder.h in Headers */ = {isa = PBXBuildFile; fileRef = D8E5A4352044BF6F0000DA01 /* UIResponder+FirstResponder.h */; };
		D8E5A4382044BF6F0000DA01 /* UIResponder+FirstResponder.m in Sources */ = {isa = PBXBuildFile; fileRef = D8E5A4362044BF6F0000DA01 /* UIResponder+FirstResponder.m */; };
/* End PBXBuildFile section */

/* Begin PBXCopyFilesBuildPhase section */
		D834CED61CC64F2400FA5668 /* CopyFiles */ = {
			isa = PBXCopyFilesBuildPhase;
			buildActionMask = 2147483647;
			dstPath = "include/$(PRODUCT_NAME)";
			dstSubfolderSpec = 16;
			files = (
				D8904F521EA796A9001198F0 /* ObservingInputAccessoryView.h in CopyFiles */,
			);
			runOnlyForDeploymentPostprocessing = 0;
		};
/* End PBXCopyFilesBuildPhase section */

/* Begin PBXFileReference section */
		D834CED81CC64F2400FA5668 /* libKeyboardTrackingView.a */ = {isa = PBXFileReference; explicitFileType = archive.ar; includeInIndex = 0; path = libKeyboardTrackingView.a; sourceTree = BUILT_PRODUCTS_DIR; };
		D834CEEA1CC650F000FA5668 /* KeyboardTrackingViewManager.h */ = {isa = PBXFileReference; fileEncoding = 4; lastKnownFileType = sourcecode.c.h; path = KeyboardTrackingViewManager.h; sourceTree = "<group>"; };
		D834CEEB1CC650F000FA5668 /* KeyboardTrackingViewManager.m */ = {isa = PBXFileReference; fileEncoding = 4; lastKnownFileType = sourcecode.c.objc; path = KeyboardTrackingViewManager.m; sourceTree = "<group>"; };
		D834CEEC1CC650F000FA5668 /* ObservingInputAccessoryView.h */ = {isa = PBXFileReference; fileEncoding = 4; lastKnownFileType = sourcecode.c.h; path = ObservingInputAccessoryView.h; sourceTree = "<group>"; };
		D834CEED1CC650F000FA5668 /* ObservingInputAccessoryView.m */ = {isa = PBXFileReference; fileEncoding = 4; lastKnownFileType = sourcecode.c.objc; path = ObservingInputAccessoryView.m; sourceTree = "<group>"; };
		D8E5A4352044BF6F0000DA01 /* UIResponder+FirstResponder.h */ = {isa = PBXFileReference; lastKnownFileType = sourcecode.c.h; path = "UIResponder+FirstResponder.h"; sourceTree = "<group>"; };
		D8E5A4362044BF6F0000DA01 /* UIResponder+FirstResponder.m */ = {isa = PBXFileReference; lastKnownFileType = sourcecode.c.objc; path = "UIResponder+FirstResponder.m"; sourceTree = "<group>"; };
/* End PBXFileReference section */

/* Begin PBXFrameworksBuildPhase section */
		D834CED51CC64F2400FA5668 /* Frameworks */ = {
			isa = PBXFrameworksBuildPhase;
			buildActionMask = 2147483647;
			files = (
			);
			runOnlyForDeploymentPostprocessing = 0;
		};
/* End PBXFrameworksBuildPhase section */

/* Begin PBXGroup section */
		D834CECF1CC64F2400FA5668 = {
			isa = PBXGroup;
			children = (
				D8E5A4352044BF6F0000DA01 /* UIResponder+FirstResponder.h */,
				D8E5A4362044BF6F0000DA01 /* UIResponder+FirstResponder.m */,
				D834CEEA1CC650F000FA5668 /* KeyboardTrackingViewManager.h */,
				D834CEEB1CC650F000FA5668 /* KeyboardTrackingViewManager.m */,
				D834CEEC1CC650F000FA5668 /* ObservingInputAccessoryView.h */,
				D834CEED1CC650F000FA5668 /* ObservingInputAccessoryView.m */,
				D834CED91CC64F2400FA5668 /* Products */,
			);
			sourceTree = "<group>";
		};
		D834CED91CC64F2400FA5668 /* Products */ = {
			isa = PBXGroup;
			children = (
				D834CED81CC64F2400FA5668 /* libKeyboardTrackingView.a */,
			);
			name = Products;
			sourceTree = "<group>";
		};
/* End PBXGroup section */

/* Begin PBXHeadersBuildPhase section */
		D8904E461EA63897001198F0 /* Headers */ = {
			isa = PBXHeadersBuildPhase;
			buildActionMask = 2147483647;
			files = (
				D8904E471EA63900001198F0 /* ObservingInputAccessoryView.h in Headers */,
				D8E5A4372044BF6F0000DA01 /* UIResponder+FirstResponder.h in Headers */,
			);
			runOnlyForDeploymentPostprocessing = 0;
		};
/* End PBXHeadersBuildPhase section */

/* Begin PBXNativeTarget section */
		D834CED71CC64F2400FA5668 /* KeyboardTrackingView */ = {
			isa = PBXNativeTarget;
			buildConfigurationList = D834CEE11CC64F2400FA5668 /* Build configuration list for PBXNativeTarget "KeyboardTrackingView" */;
			buildPhases = (
				D8904E461EA63897001198F0 /* Headers */,
				D834CED61CC64F2400FA5668 /* CopyFiles */,
				D834CED41CC64F2400FA5668 /* Sources */,
				D834CED51CC64F2400FA5668 /* Frameworks */,
			);
			buildRules = (
			);
			dependencies = (
			);
			name = KeyboardTrackingView;
			productName = KeyboardTrackingView;
			productReference = D834CED81CC64F2400FA5668 /* libKeyboardTrackingView.a */;
			productType = "com.apple.product-type.library.static";
		};
/* End PBXNativeTarget section */

/* Begin PBXProject section */
		D834CED01CC64F2400FA5668 /* Project object */ = {
			isa = PBXProject;
			attributes = {
				LastUpgradeCheck = 0730;
				ORGANIZATIONNAME = wix;
				TargetAttributes = {
					D834CED71CC64F2400FA5668 = {
						CreatedOnToolsVersion = 7.3;
					};
				};
			};
			buildConfigurationList = D834CED31CC64F2400FA5668 /* Build configuration list for PBXProject "KeyboardTrackingView" */;
			compatibilityVersion = "Xcode 3.2";
			developmentRegion = English;
			hasScannedForEncodings = 0;
			knownRegions = (
				en,
			);
			mainGroup = D834CECF1CC64F2400FA5668;
			productRefGroup = D834CED91CC64F2400FA5668 /* Products */;
			projectDirPath = "";
			projectRoot = "";
			targets = (
				D834CED71CC64F2400FA5668 /* KeyboardTrackingView */,
			);
		};
/* End PBXProject section */

/* Begin PBXSourcesBuildPhase section */
		D834CED41CC64F2400FA5668 /* Sources */ = {
			isa = PBXSourcesBuildPhase;
			buildActionMask = 2147483647;
			files = (
				D834CEEF1CC650F000FA5668 /* ObservingInputAccessoryView.m in Sources */,
				D834CEEE1CC650F000FA5668 /* KeyboardTrackingViewManager.m in Sources */,
				D8E5A4382044BF6F0000DA01 /* UIResponder+FirstResponder.m in Sources */,
			);
			runOnlyForDeploymentPostprocessing = 0;
		};
/* End PBXSourcesBuildPhase section */

/* Begin XCBuildConfiguration section */
		D834CEDF1CC64F2400FA5668 /* Debug */ = {
			isa = XCBuildConfiguration;
			buildSettings = {
				ALWAYS_SEARCH_USER_PATHS = NO;
				CLANG_ANALYZER_NONNULL = YES;
				CLANG_CXX_LANGUAGE_STANDARD = "gnu++0x";
				CLANG_CXX_LIBRARY = "libc++";
				CLANG_ENABLE_MODULES = YES;
				CLANG_ENABLE_OBJC_ARC = YES;
				CLANG_WARN_BOOL_CONVERSION = YES;
				CLANG_WARN_CONSTANT_CONVERSION = YES;
				CLANG_WARN_DIRECT_OBJC_ISA_USAGE = YES_ERROR;
				CLANG_WARN_EMPTY_BODY = YES;
				CLANG_WARN_ENUM_CONVERSION = YES;
				CLANG_WARN_INT_CONVERSION = YES;
				CLANG_WARN_OBJC_ROOT_CLASS = YES_ERROR;
				CLANG_WARN_UNREACHABLE_CODE = YES;
				CLANG_WARN__DUPLICATE_METHOD_MATCH = YES;
				"CODE_SIGN_IDENTITY[sdk=iphoneos*]" = "iPhone Developer";
				COPY_PHASE_STRIP = NO;
				DEBUG_INFORMATION_FORMAT = dwarf;
				ENABLE_STRICT_OBJC_MSGSEND = YES;
				ENABLE_TESTABILITY = YES;
				GCC_C_LANGUAGE_STANDARD = gnu99;
				GCC_DYNAMIC_NO_PIC = NO;
				GCC_NO_COMMON_BLOCKS = YES;
				GCC_OPTIMIZATION_LEVEL = 0;
				GCC_PREPROCESSOR_DEFINITIONS = (
					"DEBUG=1",
					"$(inherited)",
				);
				GCC_WARN_64_TO_32_BIT_CONVERSION = YES;
				GCC_WARN_ABOUT_RETURN_TYPE = YES_ERROR;
				GCC_WARN_UNDECLARED_SELECTOR = YES;
				GCC_WARN_UNINITIALIZED_AUTOS = YES_AGGRESSIVE;
				GCC_WARN_UNUSED_FUNCTION = YES;
				GCC_WARN_UNUSED_VARIABLE = YES;
				HEADER_SEARCH_PATHS = (
					"$(inherited)",
					"$(SRCROOT)/../../react-native/React/**",
					"$(SRCROOT)/../../react-native/Libraries/**",
				);
				IPHONEOS_DEPLOYMENT_TARGET = 9.0;
				MTL_ENABLE_DEBUG_INFO = YES;
				ONLY_ACTIVE_ARCH = YES;
				SDKROOT = iphoneos;
			};
			name = Debug;
		};
		D834CEE01CC64F2400FA5668 /* Release */ = {
			isa = XCBuildConfiguration;
			buildSettings = {
				ALWAYS_SEARCH_USER_PATHS = NO;
				CLANG_ANALYZER_NONNULL = YES;
				CLANG_CXX_LANGUAGE_STANDARD = "gnu++0x";
				CLANG_CXX_LIBRARY = "libc++";
				CLANG_ENABLE_MODULES = YES;
				CLANG_ENABLE_OBJC_ARC = YES;
				CLANG_WARN_BOOL_CONVERSION = YES;
				CLANG_WARN_CONSTANT_CONVERSION = YES;
				CLANG_WARN_DIRECT_OBJC_ISA_USAGE = YES_ERROR;
				CLANG_WARN_EMPTY_BODY = YES;
				CLANG_WARN_ENUM_CONVERSION = YES;
				CLANG_WARN_INT_CONVERSION = YES;
				CLANG_WARN_OBJC_ROOT_CLASS = YES_ERROR;
				CLANG_WARN_UNREACHABLE_CODE = YES;
				CLANG_WARN__DUPLICATE_METHOD_MATCH = YES;
				"CODE_SIGN_IDENTITY[sdk=iphoneos*]" = "iPhone Developer";
				COPY_PHASE_STRIP = NO;
				DEBUG_INFORMATION_FORMAT = "dwarf-with-dsym";
				ENABLE_NS_ASSERTIONS = NO;
				ENABLE_STRICT_OBJC_MSGSEND = YES;
				GCC_C_LANGUAGE_STANDARD = gnu99;
				GCC_NO_COMMON_BLOCKS = YES;
				GCC_WARN_64_TO_32_BIT_CONVERSION = YES;
				GCC_WARN_ABOUT_RETURN_TYPE = YES_ERROR;
				GCC_WARN_UNDECLARED_SELECTOR = YES;
				GCC_WARN_UNINITIALIZED_AUTOS = YES_AGGRESSIVE;
				GCC_WARN_UNUSED_FUNCTION = YES;
				GCC_WARN_UNUSED_VARIABLE = YES;
				HEADER_SEARCH_PATHS = (
					"$(inherited)",
					"$(SRCROOT)/../../react-native/React/**",
					"$(SRCROOT)/../../react-native/Libraries/**",
				);
				IPHONEOS_DEPLOYMENT_TARGET = 9.0;
				MTL_ENABLE_DEBUG_INFO = NO;
				SDKROOT = iphoneos;
				VALIDATE_PRODUCT = YES;
			};
			name = Release;
		};
		D834CEE21CC64F2400FA5668 /* Debug */ = {
			isa = XCBuildConfiguration;
			buildSettings = {
				HEADER_SEARCH_PATHS = (
					"$(inherited)",
					"$(SRCROOT)/../../react-native/React/**",
					"$(SRCROOT)/../../react-native/Libraries/**",
				);
				OTHER_LDFLAGS = "-ObjC";
				PRODUCT_NAME = "$(TARGET_NAME)";
				PUBLIC_HEADERS_FOLDER_PATH = "/usr/local/include/$(TARGET_NAME)";
				SKIP_INSTALL = YES;
			};
			name = Debug;
		};
		D834CEE31CC64F2400FA5668 /* Release */ = {
			isa = XCBuildConfiguration;
			buildSettings = {
				HEADER_SEARCH_PATHS = (
					"$(inherited)",
					"$(SRCROOT)/../../react-native/React/**",
					"$(SRCROOT)/../../react-native/Libraries/**",
				);
				OTHER_LDFLAGS = "-ObjC";
				PRODUCT_NAME = "$(TARGET_NAME)";
				PUBLIC_HEADERS_FOLDER_PATH = "/usr/local/include/$(TARGET_NAME)";
				SKIP_INSTALL = YES;
			};
			name = Release;
		};
/* End XCBuildConfiguration section */

/* Begin XCConfigurationList section */
		D834CED31CC64F2400FA5668 /* Build configuration list for PBXProject "KeyboardTrackingView" */ = {
			isa = XCConfigurationList;
			buildConfigurations = (
				D834CEDF1CC64F2400FA5668 /* Debug */,
				D834CEE01CC64F2400FA5668 /* Release */,
			);
			defaultConfigurationIsVisible = 0;
			defaultConfigurationName = Release;
		};
		D834CEE11CC64F2400FA5668 /* Build configuration list for PBXNativeTarget "KeyboardTrackingView" */ = {
			isa = XCConfigurationList;
			buildConfigurations = (
				D834CEE21CC64F2400FA5668 /* Debug */,
				D834CEE31CC64F2400FA5668 /* Release */,
			);
			defaultConfigurationIsVisible = 0;
			defaultConfigurationName = Release;
		};
/* End XCConfigurationList section */
	};
	rootObject = D834CED01CC64F2400FA5668 /* Project object */;
}
